{
  "R": {
    "Version": "4.5.2",
    "Repositories": [
      {
        "Name": "PPM",
        "URL": "https://packagemanager.posit.co/cran/latest"
      },
      {
        "Name": "CRAN",
        "URL": "https://cloud.r-project.org"
      }
    ]
  },
  "Packages": {
    "renv": {
      "Package": "renv",
      "Version": "1.2.2",
      "Source": "Repository"
    }
  }
}
